{
    "_readme": [
        "This file locks the dependencies of your project to a known state",
        "Read more about it at https://getcomposer.org/doc/01-basic-usage.md#composer-lock-the-lock-file",
        "This file is @generated automatically"
    ],
    "hash": "cc4b03328f357beb46ff85a25c11c1ee",
    "content-hash": "144f45b1ea9103f57ac49a53c5c282b6",
    "packages": [
        {
            "name": "evenement/evenement",
            "version": "v2.0.0",
            "source": {
                "type": "git",
                "url": "https://github.com/igorw/evenement.git",
                "reference": "f6e843799fd4f4184d54d8fc7b5b3551c9fa803e"
            },
            "dist": {
                "type": "zip",
                "url": "https://api.github.com/repos/igorw/evenement/zipball/f6e843799fd4f4184d54d8fc7b5b3551c9fa803e",
                "reference": "f6e843799fd4f4184d54d8fc7b5b3551c9fa803e",
                "shasum": ""
            },
            "require": {
                "php": ">=5.4.0"
            },
            "type": "library",
            "extra": {
                "branch-alias": {
                    "dev-master": "2.0-dev"
                }
            },
            "autoload": {
                "psr-0": {
                    "Evenement": "src"
                }
            },
            "notification-url": "https://packagist.org/downloads/",
            "license": [
                "MIT"
            ],
            "authors": [
                {
                    "name": "Igor Wiedler",
                    "email": "igor@wiedler.ch",
                    "homepage": "http://wiedler.ch/igor/"
                }
            ],
            "description": "Événement is a very simple event dispatching library for PHP",
            "keywords": [
                "event-dispatcher",
                "event-emitter"
            ],
            "time": "2012-11-02 14:49:47"
        },
        {
            "name": "lepczynski-s/expective",
            "version": "0.1.0",
            "source": {
                "type": "git",
                "url": "https://github.com/lepczynski-s/expective.git",
                "reference": "4b04364d76a3df20815913d7becfdd81d92ef49d"
            },
            "dist": {
                "type": "zip",
                "url": "https://api.github.com/repos/lepczynski-s/expective/zipball/4b04364d76a3df20815913d7becfdd81d92ef49d",
                "reference": "4b04364d76a3df20815913d7becfdd81d92ef49d",
                "shasum": ""
            },
            "type": "library",
            "autoload": {
                "psr-4": {
                    "Expective\\": "source/"
                }
            },
            "notification-url": "https://packagist.org/downloads/",
            "license": [
                "MIT"
            ],
            "authors": [
                {
                    "name": "Sebastian Łepczyński",
                    "email": "lepczynski.s@outlook.com",
                    "homepage": "https://github.com/lepczynski-s"
                }
            ],
            "description": "Framework-agnostic expectations library.",
            "keywords": [
                "agnostic",
                "assertion",
                "framework",
                "library"
            ],
            "time": "2016-09-08 18:01:45"
        }
    ],
    "packages-dev": [],
    "aliases": [],
    "minimum-stability": "stable",
    "stability-flags": [],
    "prefer-stable": false,
    "prefer-lowest": false,
    "platform": [],
    "platform-dev": []
}
